
Microsoft Visual Studio Solution File, Format Version 12.00
# Visual Studio 15
VisualStudioVersion = 15.0.26014.0
MinimumVisualStudioVersion = 10.0.40219.1
Project("{F184B08F-C81C-45F6-A57F-5ABD9991F28F}") = "slnMonoProceso", "slnMonoProceso\slnMonoProceso.vbproj", "{E166F11F-42AF-40AF-A2C7-1B59A5629CCA}"
EndProject
Global
	GlobalSection(SolutionConfigurationPlatforms) = preSolution
		Debug|Any CPU = Debug|Any CPU
		Debug|x64 = Debug|x64
		Debug|x86 = Debug|x86
		Release|Any CPU = Release|Any CPU
		Release|x64 = Release|x64
		Release|x86 = Release|x86
	EndGlobalSection
	GlobalSection(ProjectConfigurationPlatforms) = postSolution
		{E166F11F-42AF-40AF-A2C7-1B59A5629CCA}.Debug|Any CPU.ActiveCfg = Debug|Any CPU
		{E166F11F-42AF-40AF-A2C7-1B59A5629CCA}.Debug|Any CPU.Build.0 = Debug|Any CPU
		{E166F11F-42AF-40AF-A2C7-1B59A5629CCA}.Debug|x64.ActiveCfg = Debug|x64
		{E166F11F-42AF-40AF-A2C7-1B59A5629CCA}.Debug|x64.Build.0 = Debug|x64
		{E166F11F-42AF-40AF-A2C7-1B59A5629CCA}.Debug|x86.ActiveCfg = Debug|x86
		{E166F11F-42AF-40AF-A2C7-1B59A5629CCA}.Debug|x86.Build.0 = Debug|x86
		{E166F11F-42AF-40AF-A2C7-1B59A5629CCA}.Release|Any CPU.ActiveCfg = Release|Any CPU
		{E166F11F-42AF-40AF-A2C7-1B59A5629CCA}.Release|Any CPU.Build.0 = Release|Any CPU
		{E166F11F-42AF-40AF-A2C7-1B59A5629CCA}.Release|x64.ActiveCfg = Release|x64
		{E166F11F-42AF-40AF-A2C7-1B59A5629CCA}.Release|x64.Build.0 = Release|x64
		{E166F11F-42AF-40AF-A2C7-1B59A5629CCA}.Release|x86.ActiveCfg = Release|x86
		{E166F11F-42AF-40AF-A2C7-1B59A5629CCA}.Release|x86.Build.0 = Release|x86
	EndGlobalSection
	GlobalSection(SolutionProperties) = preSolution
		HideSolutionNode = FALSE
	EndGlobalSection
	GlobalSection(ExtensibilityGlobals) = postSolution
		SolutionGuid = {3E7A6995-F723-4AF5-9924-52B0B532229F}
	EndGlobalSection
EndGlobal
